// !$*UTF8*$!
{
	archiveVersion = 1;
	classes = {
	};
	objectVersion = 55;
	objects = {

/* Begin PBXBuildFile section */
		1424FE0B28278C6E0008E3EA /* NotificationName.swift in Sources */ = {isa = PBXBuildFile; fileRef = 1424FE0A28278C6E0008E3EA /* NotificationName.swift */; };
		1428B0CB2824E8B700A2A2F1 /* FeedTableViewCell.swift in Sources */ = {isa = PBXBuildFile; fileRef = 1428B0C92824E8B700A2A2F1 /* FeedTableViewCell.swift */; };
		1428B0CC2824E8B700A2A2F1 /* FeedTableViewCell.xib in Resources */ = {isa = PBXBuildFile; fileRef = 1428B0CA2824E8B700A2A2F1 /* FeedTableViewCell.xib */; };
		142DF2A5282CC71C00591409 /* UserInfo.swift in Sources */ = {isa = PBXBuildFile; fileRef = 142DF2A4282CC71C00591409 /* UserInfo.swift */; };
		142DF2A8282D0B5800591409 /* RandomPhotosResponse.swift in Sources */ = {isa = PBXBuildFile; fileRef = 142DF2A7282D0B5800591409 /* RandomPhotosResponse.swift */; };
		142DF2AA282D138300591409 /* RandomPhotosRequest.swift in Sources */ = {isa = PBXBuildFile; fileRef = 142DF2A9282D138300591409 /* RandomPhotosRequest.swift */; };
		142DF2AC282D140300591409 /* UnsplashService.swift in Sources */ = {isa = PBXBuildFile; fileRef = 142DF2AB282D140300591409 /* UnsplashService.swift */; };
		1431124E282B900800FA9BC1 /* APIConstants.swift in Sources */ = {isa = PBXBuildFile; fileRef = 1431124D282B900800FA9BC1 /* APIConstants.swift */; };
		14311250282B93B200FA9BC1 /* NetworkResult.swift in Sources */ = {isa = PBXBuildFile; fileRef = 1431124F282B93B200FA9BC1 /* NetworkResult.swift */; };
		14311253282B94C400FA9BC1 /* SignUpResponse.swift in Sources */ = {isa = PBXBuildFile; fileRef = 14311252282B94C400FA9BC1 /* SignUpResponse.swift */; };
		14311256282B959C00FA9BC1 /* SignUpRequest.swift in Sources */ = {isa = PBXBuildFile; fileRef = 14311255282B959C00FA9BC1 /* SignUpRequest.swift */; };
		14311259282BA28800FA9BC1 /* UserService.swift in Sources */ = {isa = PBXBuildFile; fileRef = 14311258282BA28800FA9BC1 /* UserService.swift */; };
		1431125B282BDBEC00FA9BC1 /* NetworkDecodingType.swift in Sources */ = {isa = PBXBuildFile; fileRef = 1431125A282BDBEB00FA9BC1 /* NetworkDecodingType.swift */; };
		1431125D282BF59600FA9BC1 /* SignInRequest.swift in Sources */ = {isa = PBXBuildFile; fileRef = 1431125C282BF59600FA9BC1 /* SignInRequest.swift */; };
		1431125F282BF5A600FA9BC1 /* SignInResponse.swift in Sources */ = {isa = PBXBuildFile; fileRef = 1431125E282BF5A600FA9BC1 /* SignInResponse.swift */; };
		144B9EAD2823725F0017C080 /* StoryCollectionViewCell.swift in Sources */ = {isa = PBXBuildFile; fileRef = 144B9EAB2823725F0017C080 /* StoryCollectionViewCell.swift */; };
		144B9EAE2823725F0017C080 /* StoryCollectionViewCell.xib in Resources */ = {isa = PBXBuildFile; fileRef = 144B9EAC2823725F0017C080 /* StoryCollectionViewCell.xib */; };
		144B9EB0282380690017C080 /* UIImageViewCustom.swift in Sources */ = {isa = PBXBuildFile; fileRef = 144B9EAF282380690017C080 /* UIImageViewCustom.swift */; };
		144B9EB6282386E00017C080 /* StoryTableViewCell.swift in Sources */ = {isa = PBXBuildFile; fileRef = 144B9EB4282386E00017C080 /* StoryTableViewCell.swift */; };
		144B9EB7282386E00017C080 /* StoryTableViewCell.xib in Resources */ = {isa = PBXBuildFile; fileRef = 144B9EB5282386E00017C080 /* StoryTableViewCell.xib */; };
		14AD5F562822963F006825A0 /* Post.swift in Sources */ = {isa = PBXBuildFile; fileRef = 14AD5F552822963F006825A0 /* Post.swift */; };
		14AD5F5A282298FA006825A0 /* Comment.swift in Sources */ = {isa = PBXBuildFile; fileRef = 14AD5F59282298FA006825A0 /* Comment.swift */; };
		7315DE33E5295785573C1524 /* Pods_Instagram.framework in Frameworks */ = {isa = PBXBuildFile; fileRef = 747240DA4083D49A40F672B1 /* Pods_Instagram.framework */; };
		9A2FBCAE280EBDB900470EF0 /* TabBarController.swift in Sources */ = {isa = PBXBuildFile; fileRef = 9A2FBCAD280EBDB900470EF0 /* TabBarController.swift */; };
		9A4A105E27FD93BD008D3313 /* CompleteSignUpViewController.swift in Sources */ = {isa = PBXBuildFile; fileRef = 9A4A105D27FD93BD008D3313 /* CompleteSignUpViewController.swift */; };
		9A84A11D27FC2C7000BA3C74 /* AppDelegate.swift in Sources */ = {isa = PBXBuildFile; fileRef = 9A84A11C27FC2C7000BA3C74 /* AppDelegate.swift */; };
		9A84A11F27FC2C7000BA3C74 /* SceneDelegate.swift in Sources */ = {isa = PBXBuildFile; fileRef = 9A84A11E27FC2C7000BA3C74 /* SceneDelegate.swift */; };
		9A84A12127FC2C7000BA3C74 /* ViewController.swift in Sources */ = {isa = PBXBuildFile; fileRef = 9A84A12027FC2C7000BA3C74 /* ViewController.swift */; };
		9A84A12427FC2C7000BA3C74 /* Main.storyboard in Resources */ = {isa = PBXBuildFile; fileRef = 9A84A12227FC2C7000BA3C74 /* Main.storyboard */; };
		9A84A12627FC2C7100BA3C74 /* Assets.xcassets in Resources */ = {isa = PBXBuildFile; fileRef = 9A84A12527FC2C7100BA3C74 /* Assets.xcassets */; };
		9A84A12927FC2C7100BA3C74 /* LaunchScreen.storyboard in Resources */ = {isa = PBXBuildFile; fileRef = 9A84A12727FC2C7100BA3C74 /* LaunchScreen.storyboard */; };
		9A84A13227FC886E00BA3C74 /* RegisterUserNameViewController.swift in Sources */ = {isa = PBXBuildFile; fileRef = 9A84A13127FC886E00BA3C74 /* RegisterUserNameViewController.swift */; };
		9A84A13427FC88E900BA3C74 /* RegisterPasswordViewController.swift in Sources */ = {isa = PBXBuildFile; fileRef = 9A84A13327FC88E900BA3C74 /* RegisterPasswordViewController.swift */; };
		9AE50BF627FE8DD20086E9AE /* User.swift in Sources */ = {isa = PBXBuildFile; fileRef = 9AE50BF527FE8DD20086E9AE /* User.swift */; };
		9AEAC50F280C291900A187C0 /* TabBarController.storyboard in Resources */ = {isa = PBXBuildFile; fileRef = 9AEAC50E280C291900A187C0 /* TabBarController.storyboard */; };
		9AEAC511280C2A4900A187C0 /* HomeViewController.swift in Sources */ = {isa = PBXBuildFile; fileRef = 9AEAC510280C2A4900A187C0 /* HomeViewController.swift */; };
		9AEAC513280C2A6000A187C0 /* SearchViewController.swift in Sources */ = {isa = PBXBuildFile; fileRef = 9AEAC512280C2A6000A187C0 /* SearchViewController.swift */; };
		9AEAC515280C2AE400A187C0 /* ReelsViewController.swift in Sources */ = {isa = PBXBuildFile; fileRef = 9AEAC514280C2AE400A187C0 /* ReelsViewController.swift */; };
		9AEAC517280C2B2200A187C0 /* ShopViewController.swift in Sources */ = {isa = PBXBuildFile; fileRef = 9AEAC516280C2B2200A187C0 /* ShopViewController.swift */; };
		9AEAC519280C2C2C00A187C0 /* ProfileViewController.swift in Sources */ = {isa = PBXBuildFile; fileRef = 9AEAC518280C2C2C00A187C0 /* ProfileViewController.swift */; };
		9AEAC51B280C2CB500A187C0 /* Home.storyboard in Resources */ = {isa = PBXBuildFile; fileRef = 9AEAC51A280C2CB500A187C0 /* Home.storyboard */; };
		9AEAC51D280C2D0500A187C0 /* Search.storyboard in Resources */ = {isa = PBXBuildFile; fileRef = 9AEAC51C280C2D0500A187C0 /* Search.storyboard */; };
		9AEAC51F280C2D1300A187C0 /* Reels.storyboard in Resources */ = {isa = PBXBuildFile; fileRef = 9AEAC51E280C2D1300A187C0 /* Reels.storyboard */; };
		9AEAC521280C2D1C00A187C0 /* Shop.storyboard in Resources */ = {isa = PBXBuildFile; fileRef = 9AEAC520280C2D1C00A187C0 /* Shop.storyboard */; };
		9AEAC523280C2D2C00A187C0 /* Profile.storyboard in Resources */ = {isa = PBXBuildFile; fileRef = 9AEAC522280C2D2C00A187C0 /* Profile.storyboard */; };
		9AFCF62B2812867900E65E15 /* UIWindowExtension.swift in Sources */ = {isa = PBXBuildFile; fileRef = 9AFCF62A2812867900E65E15 /* UIWindowExtension.swift */; };
/* End PBXBuildFile section */

/* Begin PBXFileReference section */
		1424FE0A28278C6E0008E3EA /* NotificationName.swift */ = {isa = PBXFileReference; lastKnownFileType = sourcecode.swift; path = NotificationName.swift; sourceTree = "<group>"; };
		1428B0C92824E8B700A2A2F1 /* FeedTableViewCell.swift */ = {isa = PBXFileReference; lastKnownFileType = sourcecode.swift; path = FeedTableViewCell.swift; sourceTree = "<group>"; };
		1428B0CA2824E8B700A2A2F1 /* FeedTableViewCell.xib */ = {isa = PBXFileReference; lastKnownFileType = file.xib; path = FeedTableViewCell.xib; sourceTree = "<group>"; };
		142DF2A4282CC71C00591409 /* UserInfo.swift */ = {isa = PBXFileReference; lastKnownFileType = sourcecode.swift; path = UserInfo.swift; sourceTree = "<group>"; };
		142DF2A7282D0B5800591409 /* RandomPhotosResponse.swift */ = {isa = PBXFileReference; lastKnownFileType = sourcecode.swift; path = RandomPhotosResponse.swift; sourceTree = "<group>"; };
		142DF2A9282D138300591409 /* RandomPhotosRequest.swift */ = {isa = PBXFileReference; lastKnownFileType = sourcecode.swift; path = RandomPhotosRequest.swift; sourceTree = "<group>"; };
		142DF2AB282D140300591409 /* UnsplashService.swift */ = {isa = PBXFileReference; lastKnownFileType = sourcecode.swift; path = UnsplashService.swift; sourceTree = "<group>"; };
		1431124D282B900800FA9BC1 /* APIConstants.swift */ = {isa = PBXFileReference; lastKnownFileType = sourcecode.swift; path = APIConstants.swift; sourceTree = "<group>"; };
		1431124F282B93B200FA9BC1 /* NetworkResult.swift */ = {isa = PBXFileReference; lastKnownFileType = sourcecode.swift; path = NetworkResult.swift; sourceTree = "<group>"; };
		14311252282B94C400FA9BC1 /* SignUpResponse.swift */ = {isa = PBXFileReference; lastKnownFileType = sourcecode.swift; path = SignUpResponse.swift; sourceTree = "<group>"; };
		14311255282B959C00FA9BC1 /* SignUpRequest.swift */ = {isa = PBXFileReference; lastKnownFileType = sourcecode.swift; path = SignUpRequest.swift; sourceTree = "<group>"; };
		14311258282BA28800FA9BC1 /* UserService.swift */ = {isa = PBXFileReference; lastKnownFileType = sourcecode.swift; path = UserService.swift; sourceTree = "<group>"; };
		1431125A282BDBEB00FA9BC1 /* NetworkDecodingType.swift */ = {isa = PBXFileReference; lastKnownFileType = sourcecode.swift; path = NetworkDecodingType.swift; sourceTree = "<group>"; };
		1431125C282BF59600FA9BC1 /* SignInRequest.swift */ = {isa = PBXFileReference; lastKnownFileType = sourcecode.swift; path = SignInRequest.swift; sourceTree = "<group>"; };
		1431125E282BF5A600FA9BC1 /* SignInResponse.swift */ = {isa = PBXFileReference; lastKnownFileType = sourcecode.swift; path = SignInResponse.swift; sourceTree = "<group>"; };
		144B9EAB2823725F0017C080 /* StoryCollectionViewCell.swift */ = {isa = PBXFileReference; lastKnownFileType = sourcecode.swift; path = StoryCollectionViewCell.swift; sourceTree = "<group>"; };
		144B9EAC2823725F0017C080 /* StoryCollectionViewCell.xib */ = {isa = PBXFileReference; lastKnownFileType = file.xib; path = StoryCollectionViewCell.xib; sourceTree = "<group>"; };
		144B9EAF282380690017C080 /* UIImageViewCustom.swift */ = {isa = PBXFileReference; lastKnownFileType = sourcecode.swift; path = UIImageViewCustom.swift; sourceTree = "<group>"; };
		144B9EB4282386E00017C080 /* StoryTableViewCell.swift */ = {isa = PBXFileReference; lastKnownFileType = sourcecode.swift; path = StoryTableViewCell.swift; sourceTree = "<group>"; };
		144B9EB5282386E00017C080 /* StoryTableViewCell.xib */ = {isa = PBXFileReference; lastKnownFileType = file.xib; path = StoryTableViewCell.xib; sourceTree = "<group>"; };
		14AD5F552822963F006825A0 /* Post.swift */ = {isa = PBXFileReference; lastKnownFileType = sourcecode.swift; path = Post.swift; sourceTree = "<group>"; };
		14AD5F59282298FA006825A0 /* Comment.swift */ = {isa = PBXFileReference; lastKnownFileType = sourcecode.swift; path = Comment.swift; sourceTree = "<group>"; };
		1A01EF4116A5B42BB9E5084D /* Pods-Instagram.debug.xcconfig */ = {isa = PBXFileReference; includeInIndex = 1; lastKnownFileType = text.xcconfig; name = "Pods-Instagram.debug.xcconfig"; path = "Target Support Files/Pods-Instagram/Pods-Instagram.debug.xcconfig"; sourceTree = "<group>"; };
		747240DA4083D49A40F672B1 /* Pods_Instagram.framework */ = {isa = PBXFileReference; explicitFileType = wrapper.framework; includeInIndex = 0; path = Pods_Instagram.framework; sourceTree = BUILT_PRODUCTS_DIR; };
		9A2FBCAD280EBDB900470EF0 /* TabBarController.swift */ = {isa = PBXFileReference; lastKnownFileType = sourcecode.swift; path = TabBarController.swift; sourceTree = "<group>"; };
		9A4A105D27FD93BD008D3313 /* CompleteSignUpViewController.swift */ = {isa = PBXFileReference; lastKnownFileType = sourcecode.swift; path = CompleteSignUpViewController.swift; sourceTree = "<group>"; };
		9A84A11927FC2C7000BA3C74 /* Instagram.app */ = {isa = PBXFileReference; explicitFileType = wrapper.application; includeInIndex = 0; path = Instagram.app; sourceTree = BUILT_PRODUCTS_DIR; };
		9A84A11C27FC2C7000BA3C74 /* AppDelegate.swift */ = {isa = PBXFileReference; lastKnownFileType = sourcecode.swift; path = AppDelegate.swift; sourceTree = "<group>"; };
		9A84A11E27FC2C7000BA3C74 /* SceneDelegate.swift */ = {isa = PBXFileReference; lastKnownFileType = sourcecode.swift; path = SceneDelegate.swift; sourceTree = "<group>"; };
		9A84A12027FC2C7000BA3C74 /* ViewController.swift */ = {isa = PBXFileReference; lastKnownFileType = sourcecode.swift; path = ViewController.swift; sourceTree = "<group>"; };
		9A84A12327FC2C7000BA3C74 /* Base */ = {isa = PBXFileReference; lastKnownFileType = file.storyboard; name = Base; path = Base.lproj/Main.storyboard; sourceTree = "<group>"; };
		9A84A12527FC2C7100BA3C74 /* Assets.xcassets */ = {isa = PBXFileReference; lastKnownFileType = folder.assetcatalog; path = Assets.xcassets; sourceTree = "<group>"; };
		9A84A12827FC2C7100BA3C74 /* Base */ = {isa = PBXFileReference; lastKnownFileType = file.storyboard; name = Base; path = Base.lproj/LaunchScreen.storyboard; sourceTree = "<group>"; };
		9A84A12A27FC2C7100BA3C74 /* Info.plist */ = {isa = PBXFileReference; lastKnownFileType = text.plist.xml; path = Info.plist; sourceTree = "<group>"; };
		9A84A13127FC886E00BA3C74 /* RegisterUserNameViewController.swift */ = {isa = PBXFileReference; lastKnownFileType = sourcecode.swift; path = RegisterUserNameViewController.swift; sourceTree = "<group>"; };
		9A84A13327FC88E900BA3C74 /* RegisterPasswordViewController.swift */ = {isa = PBXFileReference; lastKnownFileType = sourcecode.swift; path = RegisterPasswordViewController.swift; sourceTree = "<group>"; };
		9AE50BF527FE8DD20086E9AE /* User.swift */ = {isa = PBXFileReference; lastKnownFileType = sourcecode.swift; path = User.swift; sourceTree = "<group>"; };
		9AEAC50E280C291900A187C0 /* TabBarController.storyboard */ = {isa = PBXFileReference; lastKnownFileType = file.storyboard; path = TabBarController.storyboard; sourceTree = "<group>"; };
		9AEAC510280C2A4900A187C0 /* HomeViewController.swift */ = {isa = PBXFileReference; lastKnownFileType = sourcecode.swift; path = HomeViewController.swift; sourceTree = "<group>"; };
		9AEAC512280C2A6000A187C0 /* SearchViewController.swift */ = {isa = PBXFileReference; lastKnownFileType = sourcecode.swift; path = SearchViewController.swift; sourceTree = "<group>"; };
		9AEAC514280C2AE400A187C0 /* ReelsViewController.swift */ = {isa = PBXFileReference; lastKnownFileType = sourcecode.swift; path = ReelsViewController.swift; sourceTree = "<group>"; };
		9AEAC516280C2B2200A187C0 /* ShopViewController.swift */ = {isa = PBXFileReference; lastKnownFileType = sourcecode.swift; path = ShopViewController.swift; sourceTree = "<group>"; };
		9AEAC518280C2C2C00A187C0 /* ProfileViewController.swift */ = {isa = PBXFileReference; lastKnownFileType = sourcecode.swift; path = ProfileViewController.swift; sourceTree = "<group>"; };
		9AEAC51A280C2CB500A187C0 /* Home.storyboard */ = {isa = PBXFileReference; lastKnownFileType = file.storyboard; path = Home.storyboard; sourceTree = "<group>"; };
		9AEAC51C280C2D0500A187C0 /* Search.storyboard */ = {isa = PBXFileReference; lastKnownFileType = file.storyboard; path = Search.storyboard; sourceTree = "<group>"; };
		9AEAC51E280C2D1300A187C0 /* Reels.storyboard */ = {isa = PBXFileReference; lastKnownFileType = file.storyboard; path = Reels.storyboard; sourceTree = "<group>"; };
		9AEAC520280C2D1C00A187C0 /* Shop.storyboard */ = {isa = PBXFileReference; lastKnownFileType = file.storyboard; path = Shop.storyboard; sourceTree = "<group>"; };
		9AEAC522280C2D2C00A187C0 /* Profile.storyboard */ = {isa = PBXFileReference; lastKnownFileType = file.storyboard; path = Profile.storyboard; sourceTree = "<group>"; };
		9AFCF62A2812867900E65E15 /* UIWindowExtension.swift */ = {isa = PBXFileReference; lastKnownFileType = sourcecode.swift; path = UIWindowExtension.swift; sourceTree = "<group>"; };
		A9CDCCAACE0B2CBF1117D084 /* Pods-Instagram.release.xcconfig */ = {isa = PBXFileReference; includeInIndex = 1; lastKnownFileType = text.xcconfig; name = "Pods-Instagram.release.xcconfig"; path = "Target Support Files/Pods-Instagram/Pods-Instagram.release.xcconfig"; sourceTree = "<group>"; };
/* End PBXFileReference section */

/* Begin PBXFrameworksBuildPhase section */
		9A84A11627FC2C7000BA3C74 /* Frameworks */ = {
			isa = PBXFrameworksBuildPhase;
			buildActionMask = 2147483647;
			files = (
				7315DE33E5295785573C1524 /* Pods_Instagram.framework in Frameworks */,
			);
			runOnlyForDeploymentPostprocessing = 0;
		};
/* End PBXFrameworksBuildPhase section */

/* Begin PBXGroup section */
		1428B0C82824E78D00A2A2F1 /* Feed */ = {
			isa = PBXGroup;
			children = (
				1428B0C92824E8B700A2A2F1 /* FeedTableViewCell.swift */,
				1428B0CA2824E8B700A2A2F1 /* FeedTableViewCell.xib */,
			);
			path = Feed;
			sourceTree = "<group>";
		};
		142DF29E282CC2C300591409 /* Model */ = {
			isa = PBXGroup;
			children = (
				9AE50BF527FE8DD20086E9AE /* User.swift */,
				14AD5F552822963F006825A0 /* Post.swift */,
				14AD5F59282298FA006825A0 /* Comment.swift */,
				1424FE0A28278C6E0008E3EA /* NotificationName.swift */,
			);
			path = Model;
			sourceTree = "<group>";
		};
		142DF2A3282CC70700591409 /* Data */ = {
			isa = PBXGroup;
			children = (
				142DF2A4282CC71C00591409 /* UserInfo.swift */,
			);
			path = Data;
			sourceTree = "<group>";
		};
		142DF2A6282CDFDF00591409 /* SignIn */ = {
			isa = PBXGroup;
			children = (
				9A84A12027FC2C7000BA3C74 /* ViewController.swift */,
				9A84A12227FC2C7000BA3C74 /* Main.storyboard */,
			);
			path = SignIn;
			sourceTree = "<group>";
		};
		1431124C282B8FEA00FA9BC1 /* Network */ = {
			isa = PBXGroup;
			children = (
				14311257282BA26E00FA9BC1 /* Service */,
				1431124D282B900800FA9BC1 /* APIConstants.swift */,
				1431124F282B93B200FA9BC1 /* NetworkResult.swift */,
				1431125A282BDBEB00FA9BC1 /* NetworkDecodingType.swift */,
			);
			path = Network;
			sourceTree = "<group>";
		};
		14311251282B94A400FA9BC1 /* Response */ = {
			isa = PBXGroup;
			children = (
				14311252282B94C400FA9BC1 /* SignUpResponse.swift */,
				1431125E282BF5A600FA9BC1 /* SignInResponse.swift */,
				142DF2A7282D0B5800591409 /* RandomPhotosResponse.swift */,
			);
			path = Response;
			sourceTree = "<group>";
		};
		14311254282B958700FA9BC1 /* Request */ = {
			isa = PBXGroup;
			children = (
				14311255282B959C00FA9BC1 /* SignUpRequest.swift */,
				1431125C282BF59600FA9BC1 /* SignInRequest.swift */,
				142DF2A9282D138300591409 /* RandomPhotosRequest.swift */,
			);
			path = Request;
			sourceTree = "<group>";
		};
		14311257282BA26E00FA9BC1 /* Service */ = {
			isa = PBXGroup;
			children = (
				14311258282BA28800FA9BC1 /* UserService.swift */,
				142DF2AB282D140300591409 /* UnsplashService.swift */,
			);
			path = Service;
			sourceTree = "<group>";
		};
		144B9EB3282386530017C080 /* Story */ = {
			isa = PBXGroup;
			children = (
				144B9EAB2823725F0017C080 /* StoryCollectionViewCell.swift */,
				144B9EAC2823725F0017C080 /* StoryCollectionViewCell.xib */,
				144B9EB4282386E00017C080 /* StoryTableViewCell.swift */,
				144B9EB5282386E00017C080 /* StoryTableViewCell.xib */,
			);
			path = Story;
			sourceTree = "<group>";
		};
		14AD5F542822949D006825A0 /* DataModel */ = {
			isa = PBXGroup;
			children = (
				142DF2A3282CC70700591409 /* Data */,
				142DF29E282CC2C300591409 /* Model */,
				14311254282B958700FA9BC1 /* Request */,
				14311251282B94A400FA9BC1 /* Response */,
			);
			path = DataModel;
			sourceTree = "<group>";
		};
		14AD5F5B2822A7A2006825A0 /* Home */ = {
			isa = PBXGroup;
			children = (
				1428B0C82824E78D00A2A2F1 /* Feed */,
				144B9EB3282386530017C080 /* Story */,
				9AEAC51A280C2CB500A187C0 /* Home.storyboard */,
				9AEAC510280C2A4900A187C0 /* HomeViewController.swift */,
			);
			path = Home;
			sourceTree = "<group>";
		};
		25796762CC74D2FD04F6E54C /* Pods */ = {
			isa = PBXGroup;
			children = (
				1A01EF4116A5B42BB9E5084D /* Pods-Instagram.debug.xcconfig */,
				A9CDCCAACE0B2CBF1117D084 /* Pods-Instagram.release.xcconfig */,
			);
			path = Pods;
			sourceTree = "<group>";
		};
		9A3B7D12280D1C2B00F6728E /* Extension */ = {
			isa = PBXGroup;
			children = (
				9AFCF62A2812867900E65E15 /* UIWindowExtension.swift */,
				144B9EAF282380690017C080 /* UIImageViewCustom.swift */,
			);
			path = Extension;
			sourceTree = "<group>";
		};
		9A84A11027FC2C7000BA3C74 = {
			isa = PBXGroup;
			children = (
				9A84A11B27FC2C7000BA3C74 /* Instagram */,
				9A84A11A27FC2C7000BA3C74 /* Products */,
				25796762CC74D2FD04F6E54C /* Pods */,
				EF8B8508A31C9D429FA828EC /* Frameworks */,
			);
			sourceTree = "<group>";
		};
		9A84A11A27FC2C7000BA3C74 /* Products */ = {
			isa = PBXGroup;
			children = (
				9A84A11927FC2C7000BA3C74 /* Instagram.app */,
			);
			name = Products;
			sourceTree = "<group>";
		};
		9A84A11B27FC2C7000BA3C74 /* Instagram */ = {
			isa = PBXGroup;
			children = (
				1431124C282B8FEA00FA9BC1 /* Network */,
				14AD5F542822949D006825A0 /* DataModel */,
				9A3B7D12280D1C2B00F6728E /* Extension */,
				9AEAC50D280C28D300A187C0 /* TabBarController */,
				142DF2A6282CDFDF00591409 /* SignIn */,
				9A84A13027FC872600BA3C74 /* SignUp */,
				9A84A11C27FC2C7000BA3C74 /* AppDelegate.swift */,
				9A84A11E27FC2C7000BA3C74 /* SceneDelegate.swift */,
				9A84A12527FC2C7100BA3C74 /* Assets.xcassets */,
				9A84A12727FC2C7100BA3C74 /* LaunchScreen.storyboard */,
				9A84A12A27FC2C7100BA3C74 /* Info.plist */,
			);
			path = Instagram;
			sourceTree = "<group>";
		};
		9A84A13027FC872600BA3C74 /* SignUp */ = {
			isa = PBXGroup;
			children = (
				9A84A13127FC886E00BA3C74 /* RegisterUserNameViewController.swift */,
				9A84A13327FC88E900BA3C74 /* RegisterPasswordViewController.swift */,
				9A4A105D27FD93BD008D3313 /* CompleteSignUpViewController.swift */,
			);
			path = SignUp;
			sourceTree = "<group>";
		};
		9AEAC50D280C28D300A187C0 /* TabBarController */ = {
			isa = PBXGroup;
			children = (
				14AD5F5B2822A7A2006825A0 /* Home */,
				9AEAC512280C2A6000A187C0 /* SearchViewController.swift */,
				9AEAC514280C2AE400A187C0 /* ReelsViewController.swift */,
				9AEAC516280C2B2200A187C0 /* ShopViewController.swift */,
				9AEAC518280C2C2C00A187C0 /* ProfileViewController.swift */,
				9A2FBCAD280EBDB900470EF0 /* TabBarController.swift */,
				9AEAC50E280C291900A187C0 /* TabBarController.storyboard */,
				9AEAC51C280C2D0500A187C0 /* Search.storyboard */,
				9AEAC51E280C2D1300A187C0 /* Reels.storyboard */,
				9AEAC520280C2D1C00A187C0 /* Shop.storyboard */,
				9AEAC522280C2D2C00A187C0 /* Profile.storyboard */,
			);
			path = TabBarController;
			sourceTree = "<group>";
		};
		EF8B8508A31C9D429FA828EC /* Frameworks */ = {
			isa = PBXGroup;
			children = (
				747240DA4083D49A40F672B1 /* Pods_Instagram.framework */,
			);
			name = Frameworks;
			sourceTree = "<group>";
		};
/* End PBXGroup section */

/* Begin PBXNativeTarget section */
		9A84A11827FC2C7000BA3C74 /* Instagram */ = {
			isa = PBXNativeTarget;
			buildConfigurationList = 9A84A12D27FC2C7100BA3C74 /* Build configuration list for PBXNativeTarget "Instagram" */;
			buildPhases = (
				7C8DCB7DBC34DC6C9F8D145D /* [CP] Check Pods Manifest.lock */,
				9A84A11527FC2C7000BA3C74 /* Sources */,
				9A84A11627FC2C7000BA3C74 /* Frameworks */,
				9A84A11727FC2C7000BA3C74 /* Resources */,
				34031FE29FCF324B60DD3910 /* [CP] Embed Pods Frameworks */,
			);
			buildRules = (
			);
			dependencies = (
			);
			name = Instagram;
			productName = Instagram;
			productReference = 9A84A11927FC2C7000BA3C74 /* Instagram.app */;
			productType = "com.apple.product-type.application";
		};
/* End PBXNativeTarget section */

/* Begin PBXProject section */
		9A84A11127FC2C7000BA3C74 /* Project object */ = {
			isa = PBXProject;
			attributes = {
				BuildIndependentTargetsInParallel = 1;
				LastSwiftUpdateCheck = 1320;
				LastUpgradeCheck = 1320;
				TargetAttributes = {
					9A84A11827FC2C7000BA3C74 = {
						CreatedOnToolsVersion = 13.2.1;
					};
				};
			};
			buildConfigurationList = 9A84A11427FC2C7000BA3C74 /* Build configuration list for PBXProject "Instagram" */;
			compatibilityVersion = "Xcode 13.0";
			developmentRegion = en;
			hasScannedForEncodings = 0;
			knownRegions = (
				en,
				Base,
			);
			mainGroup = 9A84A11027FC2C7000BA3C74;
			productRefGroup = 9A84A11A27FC2C7000BA3C74 /* Products */;
			projectDirPath = "";
			projectRoot = "";
			targets = (
				9A84A11827FC2C7000BA3C74 /* Instagram */,
			);
		};
/* End PBXProject section */

/* Begin PBXResourcesBuildPhase section */
		9A84A11727FC2C7000BA3C74 /* Resources */ = {
			isa = PBXResourcesBuildPhase;
			buildActionMask = 2147483647;
			files = (
				9AEAC521280C2D1C00A187C0 /* Shop.storyboard in Resources */,
				9A84A12927FC2C7100BA3C74 /* LaunchScreen.storyboard in Resources */,
				9AEAC51F280C2D1300A187C0 /* Reels.storyboard in Resources */,
				9AEAC51B280C2CB500A187C0 /* Home.storyboard in Resources */,
				9A84A12627FC2C7100BA3C74 /* Assets.xcassets in Resources */,
				9AEAC50F280C291900A187C0 /* TabBarController.storyboard in Resources */,
				144B9EAE2823725F0017C080 /* StoryCollectionViewCell.xib in Resources */,
				144B9EB7282386E00017C080 /* StoryTableViewCell.xib in Resources */,
				9AEAC523280C2D2C00A187C0 /* Profile.storyboard in Resources */,
				1428B0CC2824E8B700A2A2F1 /* FeedTableViewCell.xib in Resources */,
				9AEAC51D280C2D0500A187C0 /* Search.storyboard in Resources */,
				9A84A12427FC2C7000BA3C74 /* Main.storyboard in Resources */,
			);
			runOnlyForDeploymentPostprocessing = 0;
		};
/* End PBXResourcesBuildPhase section */

/* Begin PBXShellScriptBuildPhase section */
		34031FE29FCF324B60DD3910 /* [CP] Embed Pods Frameworks */ = {
			isa = PBXShellScriptBuildPhase;
			buildActionMask = 2147483647;
			files = (
			);
			inputFileListPaths = (
				"${PODS_ROOT}/Target Support Files/Pods-Instagram/Pods-Instagram-frameworks-${CONFIGURATION}-input-files.xcfilelist",
			);
			name = "[CP] Embed Pods Frameworks";
			outputFileListPaths = (
				"${PODS_ROOT}/Target Support Files/Pods-Instagram/Pods-Instagram-frameworks-${CONFIGURATION}-output-files.xcfilelist",
			);
			runOnlyForDeploymentPostprocessing = 0;
			shellPath = /bin/sh;
			shellScript = "\"${PODS_ROOT}/Target Support Files/Pods-Instagram/Pods-Instagram-frameworks.sh\"\n";
			showEnvVarsInLog = 0;
		};
		7C8DCB7DBC34DC6C9F8D145D /* [CP] Check Pods Manifest.lock */ = {
			isa = PBXShellScriptBuildPhase;
			buildActionMask = 2147483647;
			files = (
			);
			inputFileListPaths = (
			);
			inputPaths = (
				"${PODS_PODFILE_DIR_PATH}/Podfile.lock",
				"${PODS_ROOT}/Manifest.lock",
			);
			name = "[CP] Check Pods Manifest.lock";
			outputFileListPaths = (
			);
			outputPaths = (
				"$(DERIVED_FILE_DIR)/Pods-Instagram-checkManifestLockResult.txt",
			);
			runOnlyForDeploymentPostprocessing = 0;
			shellPath = /bin/sh;
			shellScript = "diff \"${PODS_PODFILE_DIR_PATH}/Podfile.lock\" \"${PODS_ROOT}/Manifest.lock\" > /dev/null\nif [ $? != 0 ] ; then\n    # print error to STDERR\n    echo \"error: The sandbox is not in sync with the Podfile.lock. Run 'pod install' or update your CocoaPods installation.\" >&2\n    exit 1\nfi\n# This output is used by Xcode 'outputs' to avoid re-running this script phase.\necho \"SUCCESS\" > \"${SCRIPT_OUTPUT_FILE_0}\"\n";
			showEnvVarsInLog = 0;
		};
/* End PBXShellScriptBuildPhase section */

/* Begin PBXSourcesBuildPhase section */
		9A84A11527FC2C7000BA3C74 /* Sources */ = {
			isa = PBXSourcesBuildPhase;
			buildActionMask = 2147483647;
			files = (
				9A84A12127FC2C7000BA3C74 /* ViewController.swift in Sources */,
				9A2FBCAE280EBDB900470EF0 /* TabBarController.swift in Sources */,
				1431125B282BDBEC00FA9BC1 /* NetworkDecodingType.swift in Sources */,
				9A4A105E27FD93BD008D3313 /* CompleteSignUpViewController.swift in Sources */,
				1431125F282BF5A600FA9BC1 /* SignInResponse.swift in Sources */,
				9AFCF62B2812867900E65E15 /* UIWindowExtension.swift in Sources */,
				14311253282B94C400FA9BC1 /* SignUpResponse.swift in Sources */,
				142DF2AA282D138300591409 /* RandomPhotosRequest.swift in Sources */,
				9AEAC517280C2B2200A187C0 /* ShopViewController.swift in Sources */,
				14311259282BA28800FA9BC1 /* UserService.swift in Sources */,
				9A84A13427FC88E900BA3C74 /* RegisterPasswordViewController.swift in Sources */,
				9AEAC513280C2A6000A187C0 /* SearchViewController.swift in Sources */,
				9AEAC511280C2A4900A187C0 /* HomeViewController.swift in Sources */,
				14311250282B93B200FA9BC1 /* NetworkResult.swift in Sources */,
				9AEAC519280C2C2C00A187C0 /* ProfileViewController.swift in Sources */,
				142DF2A8282D0B5800591409 /* RandomPhotosResponse.swift in Sources */,
				1428B0CB2824E8B700A2A2F1 /* FeedTableViewCell.swift in Sources */,
				14311256282B959C00FA9BC1 /* SignUpRequest.swift in Sources */,
				1424FE0B28278C6E0008E3EA /* NotificationName.swift in Sources */,
				14AD5F562822963F006825A0 /* Post.swift in Sources */,
				1431124E282B900800FA9BC1 /* APIConstants.swift in Sources */,
				9A84A11D27FC2C7000BA3C74 /* AppDelegate.swift in Sources */,
				14AD5F5A282298FA006825A0 /* Comment.swift in Sources */,
				9AEAC515280C2AE400A187C0 /* ReelsViewController.swift in Sources */,
				9A84A11F27FC2C7000BA3C74 /* SceneDelegate.swift in Sources */,
				144B9EB0282380690017C080 /* UIImageViewCustom.swift in Sources */,
				144B9EB6282386E00017C080 /* StoryTableViewCell.swift in Sources */,
				9A84A13227FC886E00BA3C74 /* RegisterUserNameViewController.swift in Sources */,
				9AE50BF627FE8DD20086E9AE /* User.swift in Sources */,
				144B9EAD2823725F0017C080 /* StoryCollectionViewCell.swift in Sources */,
				142DF2A5282CC71C00591409 /* UserInfo.swift in Sources */,
				1431125D282BF59600FA9BC1 /* SignInRequest.swift in Sources */,
				142DF2AC282D140300591409 /* UnsplashService.swift in Sources */,
			);
			runOnlyForDeploymentPostprocessing = 0;
		};
/* End PBXSourcesBuildPhase section */

/* Begin PBXVariantGroup section */
		9A84A12227FC2C7000BA3C74 /* Main.storyboard */ = {
			isa = PBXVariantGroup;
			children = (
				9A84A12327FC2C7000BA3C74 /* Base */,
			);
			name = Main.storyboard;
			sourceTree = "<group>";
		};
		9A84A12727FC2C7100BA3C74 /* LaunchScreen.storyboard */ = {
			isa = PBXVariantGroup;
			children = (
				9A84A12827FC2C7100BA3C74 /* Base */,
			);
			name = LaunchScreen.storyboard;
			sourceTree = "<group>";
		};
/* End PBXVariantGroup section */

/* Begin XCBuildConfiguration section */
		9A84A12B27FC2C7100BA3C74 /* Debug */ = {
			isa = XCBuildConfiguration;
			buildSettings = {
				ALWAYS_SEARCH_USER_PATHS = NO;
				CLANG_ANALYZER_NONNULL = YES;
				CLANG_ANALYZER_NUMBER_OBJECT_CONVERSION = YES_AGGRESSIVE;
				CLANG_CXX_LANGUAGE_STANDARD = "gnu++17";
				CLANG_CXX_LIBRARY = "libc++";
				CLANG_ENABLE_MODULES = YES;
				CLANG_ENABLE_OBJC_ARC = YES;
				CLANG_ENABLE_OBJC_WEAK = YES;
				CLANG_WARN_BLOCK_CAPTURE_AUTORELEASING = YES;
				CLANG_WARN_BOOL_CONVERSION = YES;
				CLANG_WARN_COMMA = YES;
				CLANG_WARN_CONSTANT_CONVERSION = YES;
				CLANG_WARN_DEPRECATED_OBJC_IMPLEMENTATIONS = YES;
				CLANG_WARN_DIRECT_OBJC_ISA_USAGE = YES_ERROR;
				CLANG_WARN_DOCUMENTATION_COMMENTS = YES;
				CLANG_WARN_EMPTY_BODY = YES;
				CLANG_WARN_ENUM_CONVERSION = YES;
				CLANG_WARN_INFINITE_RECURSION = YES;
				CLANG_WARN_INT_CONVERSION = YES;
				CLANG_WARN_NON_LITERAL_NULL_CONVERSION = YES;
				CLANG_WARN_OBJC_IMPLICIT_RETAIN_SELF = YES;
				CLANG_WARN_OBJC_LITERAL_CONVERSION = YES;
				CLANG_WARN_OBJC_ROOT_CLASS = YES_ERROR;
				CLANG_WARN_QUOTED_INCLUDE_IN_FRAMEWORK_HEADER = YES;
				CLANG_WARN_RANGE_LOOP_ANALYSIS = YES;
				CLANG_WARN_STRICT_PROTOTYPES = YES;
				CLANG_WARN_SUSPICIOUS_MOVE = YES;
				CLANG_WARN_UNGUARDED_AVAILABILITY = YES_AGGRESSIVE;
				CLANG_WARN_UNREACHABLE_CODE = YES;
				CLANG_WARN__DUPLICATE_METHOD_MATCH = YES;
				COPY_PHASE_STRIP = NO;
				DEBUG_INFORMATION_FORMAT = dwarf;
				ENABLE_STRICT_OBJC_MSGSEND = YES;
				ENABLE_TESTABILITY = YES;
				GCC_C_LANGUAGE_STANDARD = gnu11;
				GCC_DYNAMIC_NO_PIC = NO;
				GCC_NO_COMMON_BLOCKS = YES;
				GCC_OPTIMIZATION_LEVEL = 0;
				GCC_PREPROCESSOR_DEFINITIONS = (
					"DEBUG=1",
					"$(inherited)",
				);
				GCC_WARN_64_TO_32_BIT_CONVERSION = YES;
				GCC_WARN_ABOUT_RETURN_TYPE = YES_ERROR;
				GCC_WARN_UNDECLARED_SELECTOR = YES;
				GCC_WARN_UNINITIALIZED_AUTOS = YES_AGGRESSIVE;
				GCC_WARN_UNUSED_FUNCTION = YES;
				GCC_WARN_UNUSED_VARIABLE = YES;
				IPHONEOS_DEPLOYMENT_TARGET = 15.2;
				MTL_ENABLE_DEBUG_INFO = INCLUDE_SOURCE;
				MTL_FAST_MATH = YES;
				ONLY_ACTIVE_ARCH = YES;
				SDKROOT = iphoneos;
				SWIFT_ACTIVE_COMPILATION_CONDITIONS = DEBUG;
				SWIFT_OPTIMIZATION_LEVEL = "-Onone";
			};
			name = Debug;
		};
		9A84A12C27FC2C7100BA3C74 /* Release */ = {
			isa = XCBuildConfiguration;
			buildSettings = {
				ALWAYS_SEARCH_USER_PATHS = NO;
				CLANG_ANALYZER_NONNULL = YES;
				CLANG_ANALYZER_NUMBER_OBJECT_CONVERSION = YES_AGGRESSIVE;
				CLANG_CXX_LANGUAGE_STANDARD = "gnu++17";
				CLANG_CXX_LIBRARY = "libc++";
				CLANG_ENABLE_MODULES = YES;
				CLANG_ENABLE_OBJC_ARC = YES;
				CLANG_ENABLE_OBJC_WEAK = YES;
				CLANG_WARN_BLOCK_CAPTURE_AUTORELEASING = YES;
				CLANG_WARN_BOOL_CONVERSION = YES;
				CLANG_WARN_COMMA = YES;
				CLANG_WARN_CONSTANT_CONVERSION = YES;
				CLANG_WARN_DEPRECATED_OBJC_IMPLEMENTATIONS = YES;
				CLANG_WARN_DIRECT_OBJC_ISA_USAGE = YES_ERROR;
				CLANG_WARN_DOCUMENTATION_COMMENTS = YES;
				CLANG_WARN_EMPTY_BODY = YES;
				CLANG_WARN_ENUM_CONVERSION = YES;
				CLANG_WARN_INFINITE_RECURSION = YES;
				CLANG_WARN_INT_CONVERSION = YES;
				CLANG_WARN_NON_LITERAL_NULL_CONVERSION = YES;
				CLANG_WARN_OBJC_IMPLICIT_RETAIN_SELF = YES;
				CLANG_WARN_OBJC_LITERAL_CONVERSION = YES;
				CLANG_WARN_OBJC_ROOT_CLASS = YES_ERROR;
				CLANG_WARN_QUOTED_INCLUDE_IN_FRAMEWORK_HEADER = YES;
				CLANG_WARN_RANGE_LOOP_ANALYSIS = YES;
				CLANG_WARN_STRICT_PROTOTYPES = YES;
				CLANG_WARN_SUSPICIOUS_MOVE = YES;
				CLANG_WARN_UNGUARDED_AVAILABILITY = YES_AGGRESSIVE;
				CLANG_WARN_UNREACHABLE_CODE = YES;
				CLANG_WARN__DUPLICATE_METHOD_MATCH = YES;
				COPY_PHASE_STRIP = NO;
				DEBUG_INFORMATION_FORMAT = "dwarf-with-dsym";
				ENABLE_NS_ASSERTIONS = NO;
				ENABLE_STRICT_OBJC_MSGSEND = YES;
				GCC_C_LANGUAGE_STANDARD = gnu11;
				GCC_NO_COMMON_BLOCKS = YES;
				GCC_WARN_64_TO_32_BIT_CONVERSION = YES;
				GCC_WARN_ABOUT_RETURN_TYPE = YES_ERROR;
				GCC_WARN_UNDECLARED_SELECTOR = YES;
				GCC_WARN_UNINITIALIZED_AUTOS = YES_AGGRESSIVE;
				GCC_WARN_UNUSED_FUNCTION = YES;
				GCC_WARN_UNUSED_VARIABLE = YES;
				IPHONEOS_DEPLOYMENT_TARGET = 15.2;
				MTL_ENABLE_DEBUG_INFO = NO;
				MTL_FAST_MATH = YES;
				SDKROOT = iphoneos;
				SWIFT_COMPILATION_MODE = wholemodule;
				SWIFT_OPTIMIZATION_LEVEL = "-O";
				VALIDATE_PRODUCT = YES;
			};
			name = Release;
		};
		9A84A12E27FC2C7100BA3C74 /* Debug */ = {
			isa = XCBuildConfiguration;
			baseConfigurationReference = 1A01EF4116A5B42BB9E5084D /* Pods-Instagram.debug.xcconfig */;
			buildSettings = {
				ASSETCATALOG_COMPILER_GLOBAL_ACCENT_COLOR_NAME = AccentColor;
				ASSETCATALOG_COMPILER_INCLUDE_ALL_APPICON_ASSETS = NO;
				CODE_SIGN_STYLE = Automatic;
				CURRENT_PROJECT_VERSION = 1;
				DEVELOPMENT_TEAM = ZQV4ZDQNW5;
				GENERATE_INFOPLIST_FILE = YES;
				INFOPLIST_FILE = Instagram/Info.plist;
				INFOPLIST_KEY_UIApplicationSupportsIndirectInputEvents = YES;
				INFOPLIST_KEY_UILaunchStoryboardName = LaunchScreen;
				INFOPLIST_KEY_UIMainStoryboardFile = Main;
				INFOPLIST_KEY_UISupportedInterfaceOrientations_iPad = "UIInterfaceOrientationPortrait UIInterfaceOrientationPortraitUpsideDown UIInterfaceOrientationLandscapeLeft UIInterfaceOrientationLandscapeRight";
				INFOPLIST_KEY_UISupportedInterfaceOrientations_iPhone = "UIInterfaceOrientationPortrait UIInterfaceOrientationLandscapeLeft UIInterfaceOrientationLandscapeRight";
				LD_RUNPATH_SEARCH_PATHS = (
					"$(inherited)",
					"@executable_path/Frameworks",
				);
				MARKETING_VERSION = 1.0;
				PRODUCT_BUNDLE_IDENTIFIER = com.tistory.88yhtserof.Instagram;
				PRODUCT_NAME = "$(TARGET_NAME)";
				SWIFT_EMIT_LOC_STRINGS = YES;
				SWIFT_VERSION = 5.0;
				TARGETED_DEVICE_FAMILY = "1,2";
			};
			name = Debug;
		};
		9A84A12F27FC2C7100BA3C74 /* Release */ = {
			isa = XCBuildConfiguration;
			baseConfigurationReference = A9CDCCAACE0B2CBF1117D084 /* Pods-Instagram.release.xcconfig */;
			buildSettings = {
				ASSETCATALOG_COMPILER_GLOBAL_ACCENT_COLOR_NAME = AccentColor;
				ASSETCATALOG_COMPILER_INCLUDE_ALL_APPICON_ASSETS = NO;
				CODE_SIGN_STYLE = Automatic;
				CURRENT_PROJECT_VERSION = 1;
				DEVELOPMENT_TEAM = ZQV4ZDQNW5;
				GENERATE_INFOPLIST_FILE = YES;
				INFOPLIST_FILE = Instagram/Info.plist;
				INFOPLIST_KEY_UIApplicationSupportsIndirectInputEvents = YES;
				INFOPLIST_KEY_UILaunchStoryboardName = LaunchScreen;
				INFOPLIST_KEY_UIMainStoryboardFile = Main;
				INFOPLIST_KEY_UISupportedInterfaceOrientations_iPad = "UIInterfaceOrientationPortrait UIInterfaceOrientationPortraitUpsideDown UIInterfaceOrientationLandscapeLeft UIInterfaceOrientationLandscapeRight";
				INFOPLIST_KEY_UISupportedInterfaceOrientations_iPhone = "UIInterfaceOrientationPortrait UIInterfaceOrientationLandscapeLeft UIInterfaceOrientationLandscapeRight";
				LD_RUNPATH_SEARCH_PATHS = (
					"$(inherited)",
					"@executable_path/Frameworks",
				);
				MARKETING_VERSION = 1.0;
				PRODUCT_BUNDLE_IDENTIFIER = com.tistory.88yhtserof.Instagram;
				PRODUCT_NAME = "$(TARGET_NAME)";
				SWIFT_EMIT_LOC_STRINGS = YES;
				SWIFT_VERSION = 5.0;
				TARGETED_DEVICE_FAMILY = "1,2";
			};
			name = Release;
		};
/* End XCBuildConfiguration section */

/* Begin XCConfigurationList section */
		9A84A11427FC2C7000BA3C74 /* Build configuration list for PBXProject "Instagram" */ = {
			isa = XCConfigurationList;
			buildConfigurations = (
				9A84A12B27FC2C7100BA3C74 /* Debug */,
				9A84A12C27FC2C7100BA3C74 /* Release */,
			);
			defaultConfigurationIsVisible = 0;
			defaultConfigurationName = Release;
		};
		9A84A12D27FC2C7100BA3C74 /* Build configuration list for PBXNativeTarget "Instagram" */ = {
			isa = XCConfigurationList;
			buildConfigurations = (
				9A84A12E27FC2C7100BA3C74 /* Debug */,
				9A84A12F27FC2C7100BA3C74 /* Release */,
			);
			defaultConfigurationIsVisible = 0;
			defaultConfigurationName = Release;
		};
/* End XCConfigurationList section */
	};
	rootObject = 9A84A11127FC2C7000BA3C74 /* Project object */;
}
